
Microsoft Visual Studio Solution File, Format Version 12.00
# Visual Studio Version 17
VisualStudioVersion = 17.6.33815.320
MinimumVisualStudioVersion = 10.0.40219.1
Project("{FAE04EC0-301F-11D3-BF4B-00C04F79EFBC}") = "GPA_CALC", "GPA_CALC.csproj", "{474EA852-AF24-4183-AAA5-ADFC1088794A}"
EndProject
Global
	GlobalSection(SolutionConfigurationPlatforms) = preSolution
		Debug|Any CPU = Debug|Any CPU
		Release|Any CPU = Release|Any CPU
	EndGlobalSection
	GlobalSection(ProjectConfigurationPlatforms) = postSolution
		{474EA852-AF24-4183-AAA5-ADFC1088794A}.Debug|Any CPU.ActiveCfg = Debug|Any CPU
		{474EA852-AF24-4183-AAA5-ADFC1088794A}.Debug|Any CPU.Build.0 = Debug|Any CPU
		{474EA852-AF24-4183-AAA5-ADFC1088794A}.Release|Any CPU.ActiveCfg = Release|Any CPU
		{474EA852-AF24-4183-AAA5-ADFC1088794A}.Release|Any CPU.Build.0 = Release|Any CPU
	EndGlobalSection
	GlobalSection(SolutionProperties) = preSolution
		HideSolutionNode = FALSE
	EndGlobalSection
	GlobalSection(ExtensibilityGlobals) = postSolution
		SolutionGuid = {AB15E065-77A0-4930-9B73-05209C8A94B9}
	EndGlobalSection
EndGlobal
